<?xml version="1.0" encoding="utf-8"?>
<Project ToolsVersion="4.0" xmlns="http://schemas.microsoft.com/developer/msbuild/2003">
  <ItemGroup>
    <Filter Include="Primives">
      <UniqueIdentifier>{405821b6-0484-4bb3-bd8b-4ef5eaea5a48}</UniqueIdentifier>
    </Filter>
    <Filter Include="Primives\Header Files">
      <UniqueIdentifier>{ea7c3c28-2274-44ec-870d-b96a014ff7bd}</UniqueIdentifier>
    </Filter>
    <Filter Include="Renderer">
      <UniqueIdentifier>{9e934716-82d4-4560-a6b4-e351a6a1f22d}</UniqueIdentifier>
    </Filter>
    <Filter Include="Renderer\Engine">
      <UniqueIdentifier>{0d3337a5-3e7c-4084-a281-c745b04d2306}</UniqueIdentifier>
    </Filter>
    <Filter Include="Renderer\Engine\Header Files">
      <UniqueIdentifier>{c6a903d7-b16e-4ae6-ac14-c1672dac8356}</UniqueIdentifier>
    </Filter>
    <Filter Include="Renderer\Engine\Source Files">
      <UniqueIdentifier>{f6850c32-b870-4496-b95e-d7158dcb9288}</UniqueIdentifier>
    </Filter>
    <Filter Include="Renderer\Model">
      <UniqueIdentifier>{8d8b8535-7ab5-430a-bb7a-88bf0c60b11b}</UniqueIdentifier>
    </Filter>
    <Filter Include="Renderer\Model\Homogenous">
      <UniqueIdentifier>{e43d753b-9ab1-408e-a092-3160cac2b818}</UniqueIdentifier>
    </Filter>
    <Filter Include="Renderer\Model\Homogenous\Header Files">
      <UniqueIdentifier>{8b773484-8ae1-49ea-9350-c3111ac12554}</UniqueIdentifier>
    </Filter>
    <Filter Include="Renderer\Model\Homogenous\Source Files">
      <UniqueIdentifier>{d0d2bdd6-2f6a-4715-9d5b-b76ea044c1f0}</UniqueIdentifier>
    </Filter>
    <Filter Include="Renderer\Model\Normal">
      <UniqueIdentifier>{f7a752fe-80f7-4d2a-ab8f-f1b8512c6c93}</UniqueIdentifier>
    </Filter>
    <Filter Include="Renderer\Model\Normal\Header Files">
      <UniqueIdentifier>{017cb971-5135-491b-8199-3a13b1e6bec5}</UniqueIdentifier>
    </Filter>
    <Filter Include="Renderer\Model\Normal\Source Files">
      <UniqueIdentifier>{dc00205f-6792-4895-b885-c84632365017}</UniqueIdentifier>
    </Filter>
    <Filter Include="Renderer\Primitives">
      <UniqueIdentifier>{a6df4470-c89c-4d25-8764-8f105a3e296e}</UniqueIdentifier>
    </Filter>
    <Filter Include="Renderer\Primitives\Header Files">
      <UniqueIdentifier>{afa080e5-1fc6-40b1-b396-9d633a344fb8}</UniqueIdentifier>
    </Filter>
    <Filter Include="Renderer\Primitives\Source Files">
      <UniqueIdentifier>{d17a35e9-2e22-4808-a383-baeaa8e7e0cb}</UniqueIdentifier>
    </Filter>
    <Filter Include="Renderer\Transforms">
      <UniqueIdentifier>{560af7ef-bd71-4095-825e-1041ae4fee3a}</UniqueIdentifier>
    </Filter>
    <Filter Include="Renderer\Transforms\Header Files">
      <UniqueIdentifier>{b6a6eb92-3ffa-4ebb-aeb1-2dee3b1bef1a}</UniqueIdentifier>
    </Filter>
    <Filter Include="Renderer\Transforms\Source Files">
      <UniqueIdentifier>{4134c2d7-3ea7-4ad0-a257-f66feafaab03}</UniqueIdentifier>
    </Filter>
    <Filter Include="Utils">
      <UniqueIdentifier>{2c8c0393-e155-4836-8317-3f16bd585a51}</UniqueIdentifier>
    </Filter>
    <Filter Include="Utils\Header Files">
      <UniqueIdentifier>{406c727b-59d7-4cc2-841f-de96754358ab}</UniqueIdentifier>
    </Filter>
    <Filter Include="Utils\Source Files">
      <UniqueIdentifier>{2e744f31-4efb-481d-9966-a4bd791d6fae}</UniqueIdentifier>
    </Filter>
    <Filter Include="Others">
      <UniqueIdentifier>{4ac030bf-70e0-463c-ae0c-fcb3063e4551}</UniqueIdentifier>
    </Filter>
    <Filter Include="Others\Header Files">
      <UniqueIdentifier>{ed646f54-8f27-4eef-a225-a1ece61ef13a}</UniqueIdentifier>
    </Filter>
    <Filter Include="CUDA">
      <UniqueIdentifier>{5905e107-89e1-4e79-aed0-f3ee60dee248}</UniqueIdentifier>
    </Filter>
    <Filter Include="CUDA\Header Files">
      <UniqueIdentifier>{d81c6440-4ea3-47af-ad2b-65996682950b}</UniqueIdentifier>
    </Filter>
    <Filter Include="CUDA\Source Files">
      <UniqueIdentifier>{8c2053a5-05e1-4c29-8aaf-2b3ad46bd72e}</UniqueIdentifier>
    </Filter>
    <Filter Include="Optimiser">
      <UniqueIdentifier>{97299ac8-0bfc-49be-8ee9-ba05f091c359}</UniqueIdentifier>
    </Filter>
    <Filter Include="Optimiser\Engine">
      <UniqueIdentifier>{6aa38886-3e94-4f20-9219-5ac5fe531eff}</UniqueIdentifier>
    </Filter>
    <Filter Include="Optimiser\Engine\Header Files">
      <UniqueIdentifier>{6a91ae28-2857-4242-af6a-ba69c5895e63}</UniqueIdentifier>
    </Filter>
    <Filter Include="Optimiser\Engine\Source Files">
      <UniqueIdentifier>{20c0b587-b6c6-4b19-8855-52595218416c}</UniqueIdentifier>
    </Filter>
    <Filter Include="Optimiser\EFs">
      <UniqueIdentifier>{a6f369f9-6043-4603-b8f0-0e48ad0742fe}</UniqueIdentifier>
    </Filter>
    <Filter Include="Optimiser\EFs\Header Files">
      <UniqueIdentifier>{bf2b897f-540a-45a0-8a46-4d04a6919ea2}</UniqueIdentifier>
    </Filter>
    <Filter Include="Optimiser\EFs\Source Files">
      <UniqueIdentifier>{2a27c3bd-4231-4ef6-bbe9-3a222cf464d7}</UniqueIdentifier>
    </Filter>
    <Filter Include="Objects">
      <UniqueIdentifier>{cc4bc207-de27-4474-bce3-2d340b9f9a94}</UniqueIdentifier>
    </Filter>
    <Filter Include="Objects\Header Files">
      <UniqueIdentifier>{ba64d9f1-522a-4eb2-b1f2-211eb8536b2f}</UniqueIdentifier>
    </Filter>
  </ItemGroup>
  <ItemGroup>
    <ClInclude Include="Primitives\ImagePerseus.h">
      <Filter>Primives\Header Files</Filter>
    </ClInclude>
    <ClInclude Include="Primitives\PixelUCHAR4.h">
      <Filter>Primives\Header Files</Filter>
    </ClInclude>
    <ClInclude Include="Primitives\Vector2D.h">
      <Filter>Primives\Header Files</Filter>
    </ClInclude>
    <ClInclude Include="Primitives\Vector3D.h">
      <Filter>Primives\Header Files</Filter>
    </ClInclude>
    <ClInclude Include="Primitives\Vector4D.h">
      <Filter>Primives\Header Files</Filter>
    </ClInclude>
    <ClInclude Include="Renderer\Engine\DrawingEngine.h">
      <Filter>Renderer\Engine\Header Files</Filter>
    </ClInclude>
    <ClInclude Include="Renderer\Engine\DrawingPrimitives.h">
      <Filter>Renderer\Engine\Header Files</Filter>
    </ClInclude>
    <ClInclude Include="Renderer\Model\ModelH.h">
      <Filter>Renderer\Model\Homogenous\Header Files</Filter>
    </ClInclude>
    <ClInclude Include="Renderer\Model\ModelVertexH.h">
      <Filter>Renderer\Model\Homogenous\Header Files</Filter>
    </ClInclude>
    <ClInclude Include="Renderer\Model\Model.h">
      <Filter>Renderer\Model\Normal\Header Files</Filter>
    </ClInclude>
    <ClInclude Include="Renderer\Model\ModelFace.h">
      <Filter>Renderer\Model\Normal\Header Files</Filter>
    </ClInclude>
    <ClInclude Include="Renderer\Model\ModelGroup.h">
      <Filter>Renderer\Model\Normal\Header Files</Filter>
    </ClInclude>
    <ClInclude Include="Renderer\Model\ModelVertex.h">
      <Filter>Renderer\Model\Normal\Header Files</Filter>
    </ClInclude>
    <ClInclude Include="Renderer\Objects\Renderer3DObject.h">
      <Filter>Objects\Header Files</Filter>
    </ClInclude>
    <ClInclude Include="Renderer\Objects\Renderer3DView.h">
      <Filter>Objects\Header Files</Filter>
    </ClInclude>
    <ClInclude Include="Renderer\Primitives\Camera3D.h">
      <Filter>Renderer\Primitives\Header Files</Filter>
    </ClInclude>
    <ClInclude Include="Renderer\Primitives\Quaternion.h">
      <Filter>Renderer\Primitives\Header Files</Filter>
    </ClInclude>
    <ClInclude Include="Renderer\Transforms\CameraCoordinateTransform.h">
      <Filter>Renderer\Transforms\Header Files</Filter>
    </ClInclude>
    <ClInclude Include="Renderer\Transforms\CoordinateTransform.h">
      <Filter>Renderer\Transforms\Header Files</Filter>
    </ClInclude>
    <ClInclude Include="Renderer\Transforms\ObjectCoordinateTransform.h">
      <Filter>Renderer\Transforms\Header Files</Filter>
    </ClInclude>
    <ClInclude Include="Utils\Debug.h">
      <Filter>Utils\Header Files</Filter>
    </ClInclude>
    <ClInclude Include="Utils\FileUtils.h">
      <Filter>Utils\Header Files</Filter>
    </ClInclude>
    <ClInclude Include="Utils\HistogramEngine.h">
      <Filter>Utils\Header Files</Filter>
    </ClInclude>
    <ClInclude Include="Utils\ImageUtils.h">
      <Filter>Utils\Header Files</Filter>
    </ClInclude>
    <ClInclude Include="Utils\MathUtils.h">
      <Filter>Utils\Header Files</Filter>
    </ClInclude>
    <ClInclude Include="Utils\VisualisationEngine.h">
      <Filter>Utils\Header Files</Filter>
    </ClInclude>
    <ClInclude Include="Objects\HistogramVarBin.h">
      <Filter>Objects\Header Files</Filter>
    </ClInclude>
    <ClInclude Include="Objects\ImageRender.h">
      <Filter>Objects\Header Files</Filter>
    </ClInclude>
    <ClInclude Include="Objects\IterationConfiguration.h">
      <Filter>Objects\Header Files</Filter>
    </ClInclude>
    <ClInclude Include="Objects\Object3D.h">
      <Filter>Objects\Header Files</Filter>
    </ClInclude>
    <ClInclude Include="Objects\Object3DParams.h">
      <Filter>Objects\Header Files</Filter>
    </ClInclude>
    <ClInclude Include="Objects\Pose3D.h">
      <Filter>Objects\Header Files</Filter>
    </ClInclude>
    <ClInclude Include="Objects\StepSize3D.h">
      <Filter>Objects\Header Files</Filter>
    </ClInclude>
    <ClInclude Include="Objects\View3D.h">
      <Filter>Objects\Header Files</Filter>
    </ClInclude>
    <ClInclude Include="Objects\View3DParams.h">
      <Filter>Objects\Header Files</Filter>
    </ClInclude>
    <ClInclude Include="Others\PerseusLibDefines.h">
      <Filter>Others\Header Files</Filter>
    </ClInclude>
    <ClInclude Include="CUDA\CUDAConvolution.h">
      <Filter>CUDA\Header Files</Filter>
    </ClInclude>
    <ClInclude Include="CUDA\CUDAData.h">
      <Filter>CUDA\Header Files</Filter>
    </ClInclude>
    <ClInclude Include="CUDA\CUDADefines.h">
      <Filter>CUDA\Header Files</Filter>
    </ClInclude>
    <ClInclude Include="CUDA\CUDADT.h">
      <Filter>CUDA\Header Files</Filter>
    </ClInclude>
    <ClInclude Include="CUDA\CUDAEF.h">
      <Filter>CUDA\Header Files</Filter>
    </ClInclude>
    <ClInclude Include="CUDA\CUDAEngine.h">
      <Filter>CUDA\Header Files</Filter>
    </ClInclude>
    <ClInclude Include="CUDA\CUDARenderer.h">
      <Filter>CUDA\Header Files</Filter>
    </ClInclude>
    <ClInclude Include="CUDA\CUDAScharr.h">
      <Filter>CUDA\Header Files</Filter>
    </ClInclude>
    <ClInclude Include="CUDA\CUDAUtils.h">
      <Filter>CUDA\Header Files</Filter>
    </ClInclude>
    <ClInclude Include="Optimiser\Engine\OptimisationEngine.h">
      <Filter>Optimiser\Engine\Header Files</Filter>
    </ClInclude>
    <ClInclude Include="Optimiser\EFs\EFStandard.h">
      <Filter>Optimiser\EFs\Header Files</Filter>
    </ClInclude>
    <ClInclude Include="Optimiser\EFs\IEnergyFunction.h">
      <Filter>Optimiser\EFs\Header Files</Filter>
    </ClInclude>
    <ClInclude Include="PerseusLib.h" />
  </ItemGroup>
  <ItemGroup>
    <ClCompile Include="Renderer\Engine\DrawingEngine.cpp">
      <Filter>Renderer\Engine\Source Files</Filter>
    </ClCompile>
    <ClCompile Include="Renderer\Engine\DrawingPrimitives.cpp">
      <Filter>Renderer\Engine\Source Files</Filter>
    </ClCompile>
    <ClCompile Include="Renderer\Model\Model.cpp">
      <Filter>Renderer\Model\Normal\Source Files</Filter>
    </ClCompile>
    <ClCompile Include="Renderer\Model\ModelGroup.cpp">
      <Filter>Renderer\Model\Normal\Source Files</Filter>
    </ClCompile>
    <ClCompile Include="Renderer\Model\ModelH.cpp">
      <Filter>Renderer\Model\Normal\Source Files</Filter>
    </ClCompile>
    <ClCompile Include="Renderer\Primitives\Quaternion.cpp">
      <Filter>Renderer\Primitives\Source Files</Filter>
    </ClCompile>
    <ClCompile Include="Renderer\Transforms\CameraCoordinateTransform.cpp">
      <Filter>Renderer\Transforms\Source Files</Filter>
    </ClCompile>
    <ClCompile Include="Renderer\Transforms\CoordinateTransform.cpp">
      <Filter>Renderer\Transforms\Source Files</Filter>
    </ClCompile>
    <ClCompile Include="Utils\FileUtils.cpp">
      <Filter>Utils\Source Files</Filter>
    </ClCompile>
    <ClCompile Include="Utils\HistogramEngine.cpp">
      <Filter>Utils\Source Files</Filter>
    </ClCompile>
    <ClCompile Include="Utils\ImageUtils.cpp">
      <Filter>Utils\Source Files</Filter>
    </ClCompile>
    <ClCompile Include="Utils\MathUtils.cpp">
      <Filter>Utils\Source Files</Filter>
    </ClCompile>
    <ClCompile Include="Utils\VisualisationEngine.cpp">
      <Filter>Utils\Source Files</Filter>
    </ClCompile>
    <ClCompile Include="Optimiser\Engine\OptimisationEngine.cpp">
      <Filter>Optimiser\Engine\Source Files</Filter>
    </ClCompile>
    <ClCompile Include="Optimiser\EFs\EFStandard.cpp">
      <Filter>Optimiser\EFs\Source Files</Filter>
    </ClCompile>
  </ItemGroup>
  <ItemGroup>
    <CudaCompile Include="CUDA\CUDAConvolution.cu">
      <Filter>CUDA\Source Files</Filter>
    </CudaCompile>
    <CudaCompile Include="CUDA\CUDAScharr.cu">
      <Filter>CUDA\Source Files</Filter>
    </CudaCompile>
    <CudaCompile Include="CUDA\CUDARenderer.cu">
      <Filter>CUDA\Source Files</Filter>
    </CudaCompile>
    <CudaCompile Include="CUDA\CUDAEngine.cu">
      <Filter>CUDA\Source Files</Filter>
    </CudaCompile>
    <CudaCompile Include="CUDA\CUDAEF.cu">
      <Filter>CUDA\Source Files</Filter>
    </CudaCompile>
    <CudaCompile Include="CUDA\CUDAUtils.cu">
      <Filter>CUDA\Source Files</Filter>
    </CudaCompile>
    <CudaCompile Include="CUDA\CUDADT.cu">
      <Filter>CUDA\Source Files</Filter>
    </CudaCompile>
  </ItemGroup>
</Project>