
Microsoft Visual Studio Solution File, Format Version 11.00
# Visual Studio 2010
Project("{8BC9CEB8-8B4A-11D0-8D11-00A0C91BC942}") = "PerseusLib", "PerseusLib\PerseusLib.vcxproj", "{A5FA95D4-9CD2-43BB-BBF3-530BFE8FBA23}"
EndProject
Project("{8BC9CEB8-8B4A-11D0-8D11-00A0C91BC942}") = "Perseus", "Perseus\Perseus.vcxproj", "{82EE70B3-E87A-410F-91D5-6044B210DF60}"
EndProject
Global
	GlobalSection(SolutionConfigurationPlatforms) = preSolution
		Debug|Win32 = Debug|Win32
		Debug|x64 = Debug|x64
		Release|Win32 = Release|Win32
		Release|x64 = Release|x64
	EndGlobalSection
	GlobalSection(ProjectConfigurationPlatforms) = postSolution
		{A5FA95D4-9CD2-43BB-BBF3-530BFE8FBA23}.Debug|Win32.ActiveCfg = Debug|Win32
		{A5FA95D4-9CD2-43BB-BBF3-530BFE8FBA23}.Debug|Win32.Build.0 = Debug|Win32
		{A5FA95D4-9CD2-43BB-BBF3-530BFE8FBA23}.Debug|x64.ActiveCfg = Debug|x64
		{A5FA95D4-9CD2-43BB-BBF3-530BFE8FBA23}.Debug|x64.Build.0 = Debug|x64
		{A5FA95D4-9CD2-43BB-BBF3-530BFE8FBA23}.Release|Win32.ActiveCfg = Release|Win32
		{A5FA95D4-9CD2-43BB-BBF3-530BFE8FBA23}.Release|Win32.Build.0 = Release|Win32
		{A5FA95D4-9CD2-43BB-BBF3-530BFE8FBA23}.Release|x64.ActiveCfg = Release|x64
		{A5FA95D4-9CD2-43BB-BBF3-530BFE8FBA23}.Release|x64.Build.0 = Release|x64
		{82EE70B3-E87A-410F-91D5-6044B210DF60}.Debug|Win32.ActiveCfg = Debug|Win32
		{82EE70B3-E87A-410F-91D5-6044B210DF60}.Debug|Win32.Build.0 = Debug|Win32
		{82EE70B3-E87A-410F-91D5-6044B210DF60}.Debug|x64.ActiveCfg = Debug|x64
		{82EE70B3-E87A-410F-91D5-6044B210DF60}.Debug|x64.Build.0 = Debug|x64
		{82EE70B3-E87A-410F-91D5-6044B210DF60}.Release|Win32.ActiveCfg = Release|Win32
		{82EE70B3-E87A-410F-91D5-6044B210DF60}.Release|Win32.Build.0 = Release|Win32
		{82EE70B3-E87A-410F-91D5-6044B210DF60}.Release|x64.ActiveCfg = Release|x64
		{82EE70B3-E87A-410F-91D5-6044B210DF60}.Release|x64.Build.0 = Release|x64
	EndGlobalSection
	GlobalSection(SolutionProperties) = preSolution
		HideSolutionNode = FALSE
	EndGlobalSection
EndGlobal
